
Microsoft Visual Studio Solution File, Format Version 12.00
# Visual Studio 15
VisualStudioVersion = 15.0.27703.2000
MinimumVisualStudioVersion = 10.0.40219.1
Project("{FAE04EC0-301F-11D3-BF4B-00C04F79EFBC}") = "RaspPiCameraClient.Android", "RaspPiCameraClient\RaspPiCameraClient.Android\RaspPiCameraClient.Android.csproj", "{1CC95AA2-8AB2-4F37-AD78-9FA8736DA76F}"
EndProject
Project("{FAE04EC0-301F-11D3-BF4B-00C04F79EFBC}") = "RaspPiCameraClient.iOS", "RaspPiCameraClient\RaspPiCameraClient.iOS\RaspPiCameraClient.iOS.csproj", "{202E8C3A-F6DA-4E05-B505-3834C6426694}"
EndProject
Project("{FAE04EC0-301F-11D3-BF4B-00C04F79EFBC}") = "RaspPiCameraClient.UWP", "RaspPiCameraClient\RaspPiCameraClient.UWP\RaspPiCameraClient.UWP.csproj", "{DF38E235-8CC3-4A3A-B7BD-98F89AEE0107}"
EndProject
Project("{9A19103F-16F7-4668-BE54-9A1E7A4F7556}") = "RaspPiCameraClient", "RaspPiCameraClient\RaspPiCameraClient\RaspPiCameraClient.csproj", "{D04F8018-CD90-4F2E-8282-7E53EE5E70DE}"
EndProject
Project("{FAE04EC0-301F-11D3-BF4B-00C04F79EFBC}") = "RaspPiCameraClientBackgroundTask.UWP", "BackgroundTask.UWP\RaspPiCameraClientBackgroundTask.UWP.csproj", "{7EB76460-3645-4EF7-9D13-71F2367A05D5}"
EndProject
Global
	GlobalSection(SolutionConfigurationPlatforms) = preSolution
		Ad-Hoc|Any CPU = Ad-Hoc|Any CPU
		Ad-Hoc|ARM = Ad-Hoc|ARM
		Ad-Hoc|iPhone = Ad-Hoc|iPhone
		Ad-Hoc|iPhoneSimulator = Ad-Hoc|iPhoneSimulator
		Ad-Hoc|x64 = Ad-Hoc|x64
		Ad-Hoc|x86 = Ad-Hoc|x86
		AppStore|Any CPU = AppStore|Any CPU
		AppStore|ARM = AppStore|ARM
		AppStore|iPhone = AppStore|iPhone
		AppStore|iPhoneSimulator = AppStore|iPhoneSimulator
		AppStore|x64 = AppStore|x64
		AppStore|x86 = AppStore|x86
		Debug|Any CPU = Debug|Any CPU
		Debug|ARM = Debug|ARM
		Debug|iPhone = Debug|iPhone
		Debug|iPhoneSimulator = Debug|iPhoneSimulator
		Debug|x64 = Debug|x64
		Debug|x86 = Debug|x86
		Release|Any CPU = Release|Any CPU
		Release|ARM = Release|ARM
		Release|iPhone = Release|iPhone
		Release|iPhoneSimulator = Release|iPhoneSimulator
		Release|x64 = Release|x64
		Release|x86 = Release|x86
	EndGlobalSection
	GlobalSection(ProjectConfigurationPlatforms) = postSolution
		{1CC95AA2-8AB2-4F37-AD78-9FA8736DA76F}.Ad-Hoc|Any CPU.ActiveCfg = Release|Any CPU
		{1CC95AA2-8AB2-4F37-AD78-9FA8736DA76F}.Ad-Hoc|Any CPU.Build.0 = Release|Any CPU
		{1CC95AA2-8AB2-4F37-AD78-9FA8736DA76F}.Ad-Hoc|Any CPU.Deploy.0 = Release|Any CPU
		{1CC95AA2-8AB2-4F37-AD78-9FA8736DA76F}.Ad-Hoc|ARM.ActiveCfg = Release|Any CPU
		{1CC95AA2-8AB2-4F37-AD78-9FA8736DA76F}.Ad-Hoc|ARM.Build.0 = Release|Any CPU
		{1CC95AA2-8AB2-4F37-AD78-9FA8736DA76F}.Ad-Hoc|ARM.Deploy.0 = Release|Any CPU
		{1CC95AA2-8AB2-4F37-AD78-9FA8736DA76F}.Ad-Hoc|iPhone.ActiveCfg = Release|Any CPU
		{1CC95AA2-8AB2-4F37-AD78-9FA8736DA76F}.Ad-Hoc|iPhone.Build.0 = Release|Any CPU
		{1CC95AA2-8AB2-4F37-AD78-9FA8736DA76F}.Ad-Hoc|iPhone.Deploy.0 = Release|Any CPU
		{1CC95AA2-8AB2-4F37-AD78-9FA8736DA76F}.Ad-Hoc|iPhoneSimulator.ActiveCfg = Release|Any CPU
		{1CC95AA2-8AB2-4F37-AD78-9FA8736DA76F}.Ad-Hoc|iPhoneSimulator.Build.0 = Release|Any CPU
		{1CC95AA2-8AB2-4F37-AD78-9FA8736DA76F}.Ad-Hoc|iPhoneSimulator.Deploy.0 = Release|Any CPU
		{1CC95AA2-8AB2-4F37-AD78-9FA8736DA76F}.Ad-Hoc|x64.ActiveCfg = Release|Any CPU
		{1CC95AA2-8AB2-4F37-AD78-9FA8736DA76F}.Ad-Hoc|x64.Build.0 = Release|Any CPU
		{1CC95AA2-8AB2-4F37-AD78-9FA8736DA76F}.Ad-Hoc|x64.Deploy.0 = Release|Any CPU
		{1CC95AA2-8AB2-4F37-AD78-9FA8736DA76F}.Ad-Hoc|x86.ActiveCfg = Release|Any CPU
		{1CC95AA2-8AB2-4F37-AD78-9FA8736DA76F}.Ad-Hoc|x86.Build.0 = Release|Any CPU
		{1CC95AA2-8AB2-4F37-AD78-9FA8736DA76F}.Ad-Hoc|x86.Deploy.0 = Release|Any CPU
		{1CC95AA2-8AB2-4F37-AD78-9FA8736DA76F}.AppStore|Any CPU.ActiveCfg = Release|Any CPU
		{1CC95AA2-8AB2-4F37-AD78-9FA8736DA76F}.AppStore|Any CPU.Build.0 = Release|Any CPU
		{1CC95AA2-8AB2-4F37-AD78-9FA8736DA76F}.AppStore|Any CPU.Deploy.0 = Release|Any CPU
		{1CC95AA2-8AB2-4F37-AD78-9FA8736DA76F}.AppStore|ARM.ActiveCfg = Release|Any CPU
		{1CC95AA2-8AB2-4F37-AD78-9FA8736DA76F}.AppStore|ARM.Build.0 = Release|Any CPU
		{1CC95AA2-8AB2-4F37-AD78-9FA8736DA76F}.AppStore|ARM.Deploy.0 = Release|Any CPU
		{1CC95AA2-8AB2-4F37-AD78-9FA8736DA76F}.AppStore|iPhone.ActiveCfg = Release|Any CPU
		{1CC95AA2-8AB2-4F37-AD78-9FA8736DA76F}.AppStore|iPhone.Build.0 = Release|Any CPU
		{1CC95AA2-8AB2-4F37-AD78-9FA8736DA76F}.AppStore|iPhone.Deploy.0 = Release|Any CPU
		{1CC95AA2-8AB2-4F37-AD78-9FA8736DA76F}.AppStore|iPhoneSimulator.ActiveCfg = Release|Any CPU
		{1CC95AA2-8AB2-4F37-AD78-9FA8736DA76F}.AppStore|iPhoneSimulator.Build.0 = Release|Any CPU
		{1CC95AA2-8AB2-4F37-AD78-9FA8736DA76F}.AppStore|iPhoneSimulator.Deploy.0 = Release|Any CPU
		{1CC95AA2-8AB2-4F37-AD78-9FA8736DA76F}.AppStore|x64.ActiveCfg = Release|Any CPU
		{1CC95AA2-8AB2-4F37-AD78-9FA8736DA76F}.AppStore|x64.Build.0 = Release|Any CPU
		{1CC95AA2-8AB2-4F37-AD78-9FA8736DA76F}.AppStore|x64.Deploy.0 = Release|Any CPU
		{1CC95AA2-8AB2-4F37-AD78-9FA8736DA76F}.AppStore|x86.ActiveCfg = Release|Any CPU
		{1CC95AA2-8AB2-4F37-AD78-9FA8736DA76F}.AppStore|x86.Build.0 = Release|Any CPU
		{1CC95AA2-8AB2-4F37-AD78-9FA8736DA76F}.AppStore|x86.Deploy.0 = Release|Any CPU
		{1CC95AA2-8AB2-4F37-AD78-9FA8736DA76F}.Debug|Any CPU.ActiveCfg = Debug|Any CPU
		{1CC95AA2-8AB2-4F37-AD78-9FA8736DA76F}.Debug|Any CPU.Build.0 = Debug|Any CPU
		{1CC95AA2-8AB2-4F37-AD78-9FA8736DA76F}.Debug|Any CPU.Deploy.0 = Debug|Any CPU
		{1CC95AA2-8AB2-4F37-AD78-9FA8736DA76F}.Debug|ARM.ActiveCfg = Debug|Any CPU
		{1CC95AA2-8AB2-4F37-AD78-9FA8736DA76F}.Debug|ARM.Build.0 = Debug|Any CPU
		{1CC95AA2-8AB2-4F37-AD78-9FA8736DA76F}.Debug|ARM.Deploy.0 = Debug|Any CPU
		{1CC95AA2-8AB2-4F37-AD78-9FA8736DA76F}.Debug|iPhone.ActiveCfg = Debug|Any CPU
		{1CC95AA2-8AB2-4F37-AD78-9FA8736DA76F}.Debug|iPhone.Build.0 = Debug|Any CPU
		{1CC95AA2-8AB2-4F37-AD78-9FA8736DA76F}.Debug|iPhone.Deploy.0 = Debug|Any CPU
		{1CC95AA2-8AB2-4F37-AD78-9FA8736DA76F}.Debug|iPhoneSimulator.ActiveCfg = Debug|Any CPU
		{1CC95AA2-8AB2-4F37-AD78-9FA8736DA76F}.Debug|iPhoneSimulator.Build.0 = Debug|Any CPU
		{1CC95AA2-8AB2-4F37-AD78-9FA8736DA76F}.Debug|iPhoneSimulator.Deploy.0 = Debug|Any CPU
		{1CC95AA2-8AB2-4F37-AD78-9FA8736DA76F}.Debug|x64.ActiveCfg = Debug|Any CPU
		{1CC95AA2-8AB2-4F37-AD78-9FA8736DA76F}.Debug|x64.Build.0 = Debug|Any CPU
		{1CC95AA2-8AB2-4F37-AD78-9FA8736DA76F}.Debug|x64.Deploy.0 = Debug|Any CPU
		{1CC95AA2-8AB2-4F37-AD78-9FA8736DA76F}.Debug|x86.ActiveCfg = Debug|Any CPU
		{1CC95AA2-8AB2-4F37-AD78-9FA8736DA76F}.Debug|x86.Build.0 = Debug|Any CPU
		{1CC95AA2-8AB2-4F37-AD78-9FA8736DA76F}.Debug|x86.Deploy.0 = Debug|Any CPU
		{1CC95AA2-8AB2-4F37-AD78-9FA8736DA76F}.Release|Any CPU.ActiveCfg = Release|Any CPU
		{1CC95AA2-8AB2-4F37-AD78-9FA8736DA76F}.Release|Any CPU.Build.0 = Release|Any CPU
		{1CC95AA2-8AB2-4F37-AD78-9FA8736DA76F}.Release|Any CPU.Deploy.0 = Release|Any CPU
		{1CC95AA2-8AB2-4F37-AD78-9FA8736DA76F}.Release|ARM.ActiveCfg = Release|Any CPU
		{1CC95AA2-8AB2-4F37-AD78-9FA8736DA76F}.Release|ARM.Build.0 = Release|Any CPU
		{1CC95AA2-8AB2-4F37-AD78-9FA8736DA76F}.Release|ARM.Deploy.0 = Release|Any CPU
		{1CC95AA2-8AB2-4F37-AD78-9FA8736DA76F}.Release|iPhone.ActiveCfg = Release|Any CPU
		{1CC95AA2-8AB2-4F37-AD78-9FA8736DA76F}.Release|iPhone.Build.0 = Release|Any CPU
		{1CC95AA2-8AB2-4F37-AD78-9FA8736DA76F}.Release|iPhone.Deploy.0 = Release|Any CPU
		{1CC95AA2-8AB2-4F37-AD78-9FA8736DA76F}.Release|iPhoneSimulator.ActiveCfg = Release|Any CPU
		{1CC95AA2-8AB2-4F37-AD78-9FA8736DA76F}.Release|iPhoneSimulator.Build.0 = Release|Any CPU
		{1CC95AA2-8AB2-4F37-AD78-9FA8736DA76F}.Release|iPhoneSimulator.Deploy.0 = Release|Any CPU
		{1CC95AA2-8AB2-4F37-AD78-9FA8736DA76F}.Release|x64.ActiveCfg = Release|Any CPU
		{1CC95AA2-8AB2-4F37-AD78-9FA8736DA76F}.Release|x64.Build.0 = Release|Any CPU
		{1CC95AA2-8AB2-4F37-AD78-9FA8736DA76F}.Release|x64.Deploy.0 = Release|Any CPU
		{1CC95AA2-8AB2-4F37-AD78-9FA8736DA76F}.Release|x86.ActiveCfg = Release|Any CPU
		{1CC95AA2-8AB2-4F37-AD78-9FA8736DA76F}.Release|x86.Build.0 = Release|Any CPU
		{1CC95AA2-8AB2-4F37-AD78-9FA8736DA76F}.Release|x86.Deploy.0 = Release|Any CPU
		{202E8C3A-F6DA-4E05-B505-3834C6426694}.Ad-Hoc|Any CPU.ActiveCfg = Ad-Hoc|iPhone
		{202E8C3A-F6DA-4E05-B505-3834C6426694}.Ad-Hoc|Any CPU.Build.0 = Ad-Hoc|iPhone
		{202E8C3A-F6DA-4E05-B505-3834C6426694}.Ad-Hoc|Any CPU.Deploy.0 = Ad-Hoc|iPhone
		{202E8C3A-F6DA-4E05-B505-3834C6426694}.Ad-Hoc|ARM.ActiveCfg = Ad-Hoc|iPhone
		{202E8C3A-F6DA-4E05-B505-3834C6426694}.Ad-Hoc|ARM.Build.0 = Ad-Hoc|iPhone
		{202E8C3A-F6DA-4E05-B505-3834C6426694}.Ad-Hoc|ARM.Deploy.0 = Ad-Hoc|iPhone
		{202E8C3A-F6DA-4E05-B505-3834C6426694}.Ad-Hoc|iPhone.ActiveCfg = Ad-Hoc|iPhone
		{202E8C3A-F6DA-4E05-B505-3834C6426694}.Ad-Hoc|iPhone.Build.0 = Ad-Hoc|iPhone
		{202E8C3A-F6DA-4E05-B505-3834C6426694}.Ad-Hoc|iPhone.Deploy.0 = Ad-Hoc|iPhone
		{202E8C3A-F6DA-4E05-B505-3834C6426694}.Ad-Hoc|iPhoneSimulator.ActiveCfg = Ad-Hoc|iPhoneSimulator
		{202E8C3A-F6DA-4E05-B505-3834C6426694}.Ad-Hoc|iPhoneSimulator.Build.0 = Ad-Hoc|iPhoneSimulator
		{202E8C3A-F6DA-4E05-B505-3834C6426694}.Ad-Hoc|iPhoneSimulator.Deploy.0 = Ad-Hoc|iPhoneSimulator
		{202E8C3A-F6DA-4E05-B505-3834C6426694}.Ad-Hoc|x64.ActiveCfg = Ad-Hoc|iPhone
		{202E8C3A-F6DA-4E05-B505-3834C6426694}.Ad-Hoc|x64.Build.0 = Ad-Hoc|iPhone
		{202E8C3A-F6DA-4E05-B505-3834C6426694}.Ad-Hoc|x64.Deploy.0 = Ad-Hoc|iPhone
		{202E8C3A-F6DA-4E05-B505-3834C6426694}.Ad-Hoc|x86.ActiveCfg = Ad-Hoc|iPhone
		{202E8C3A-F6DA-4E05-B505-3834C6426694}.Ad-Hoc|x86.Build.0 = Ad-Hoc|iPhone
		{202E8C3A-F6DA-4E05-B505-3834C6426694}.Ad-Hoc|x86.Deploy.0 = Ad-Hoc|iPhone
		{202E8C3A-F6DA-4E05-B505-3834C6426694}.AppStore|Any CPU.ActiveCfg = AppStore|iPhone
		{202E8C3A-F6DA-4E05-B505-3834C6426694}.AppStore|Any CPU.Build.0 = AppStore|iPhone
		{202E8C3A-F6DA-4E05-B505-3834C6426694}.AppStore|Any CPU.Deploy.0 = AppStore|iPhone
		{202E8C3A-F6DA-4E05-B505-3834C6426694}.AppStore|ARM.ActiveCfg = AppStore|iPhone
		{202E8C3A-F6DA-4E05-B505-3834C6426694}.AppStore|ARM.Build.0 = AppStore|iPhone
		{202E8C3A-F6DA-4E05-B505-3834C6426694}.AppStore|ARM.Deploy.0 = AppStore|iPhone
		{202E8C3A-F6DA-4E05-B505-3834C6426694}.AppStore|iPhone.ActiveCfg = AppStore|iPhone
		{202E8C3A-F6DA-4E05-B505-3834C6426694}.AppStore|iPhone.Build.0 = AppStore|iPhone
		{202E8C3A-F6DA-4E05-B505-3834C6426694}.AppStore|iPhone.Deploy.0 = AppStore|iPhone
		{202E8C3A-F6DA-4E05-B505-3834C6426694}.AppStore|iPhoneSimulator.ActiveCfg = AppStore|iPhoneSimulator
		{202E8C3A-F6DA-4E05-B505-3834C6426694}.AppStore|iPhoneSimulator.Build.0 = AppStore|iPhoneSimulator
		{202E8C3A-F6DA-4E05-B505-3834C6426694}.AppStore|iPhoneSimulator.Deploy.0 = AppStore|iPhoneSimulator
		{202E8C3A-F6DA-4E05-B505-3834C6426694}.AppStore|x64.ActiveCfg = AppStore|iPhone
		{202E8C3A-F6DA-4E05-B505-3834C6426694}.AppStore|x64.Build.0 = AppStore|iPhone
		{202E8C3A-F6DA-4E05-B505-3834C6426694}.AppStore|x64.Deploy.0 = AppStore|iPhone
		{202E8C3A-F6DA-4E05-B505-3834C6426694}.AppStore|x86.ActiveCfg = AppStore|iPhone
		{202E8C3A-F6DA-4E05-B505-3834C6426694}.AppStore|x86.Build.0 = AppStore|iPhone
		{202E8C3A-F6DA-4E05-B505-3834C6426694}.AppStore|x86.Deploy.0 = AppStore|iPhone
		{202E8C3A-F6DA-4E05-B505-3834C6426694}.Debug|Any CPU.ActiveCfg = Debug|iPhoneSimulator
		{202E8C3A-F6DA-4E05-B505-3834C6426694}.Debug|Any CPU.Build.0 = Debug|iPhoneSimulator
		{202E8C3A-F6DA-4E05-B505-3834C6426694}.Debug|Any CPU.Deploy.0 = Debug|iPhoneSimulator
		{202E8C3A-F6DA-4E05-B505-3834C6426694}.Debug|ARM.ActiveCfg = Debug|iPhone
		{202E8C3A-F6DA-4E05-B505-3834C6426694}.Debug|ARM.Build.0 = Debug|iPhone
		{202E8C3A-F6DA-4E05-B505-3834C6426694}.Debug|ARM.Deploy.0 = Debug|iPhone
		{202E8C3A-F6DA-4E05-B505-3834C6426694}.Debug|iPhone.ActiveCfg = Debug|iPhone
		{202E8C3A-F6DA-4E05-B505-3834C6426694}.Debug|iPhone.Build.0 = Debug|iPhone
		{202E8C3A-F6DA-4E05-B505-3834C6426694}.Debug|iPhone.Deploy.0 = Debug|iPhone
		{202E8C3A-F6DA-4E05-B505-3834C6426694}.Debug|iPhoneSimulator.ActiveCfg = Debug|iPhoneSimulator
		{202E8C3A-F6DA-4E05-B505-3834C6426694}.Debug|iPhoneSimulator.Build.0 = Debug|iPhoneSimulator
		{202E8C3A-F6DA-4E05-B505-3834C6426694}.Debug|iPhoneSimulator.Deploy.0 = Debug|iPhoneSimulator
		{202E8C3A-F6DA-4E05-B505-3834C6426694}.Debug|x64.ActiveCfg = Debug|iPhone
		{202E8C3A-F6DA-4E05-B505-3834C6426694}.Debug|x64.Build.0 = Debug|iPhone
		{202E8C3A-F6DA-4E05-B505-3834C6426694}.Debug|x64.Deploy.0 = Debug|iPhone
		{202E8C3A-F6DA-4E05-B505-3834C6426694}.Debug|x86.ActiveCfg = Debug|iPhone
		{202E8C3A-F6DA-4E05-B505-3834C6426694}.Debug|x86.Build.0 = Debug|iPhone
		{202E8C3A-F6DA-4E05-B505-3834C6426694}.Debug|x86.Deploy.0 = Debug|iPhone
		{202E8C3A-F6DA-4E05-B505-3834C6426694}.Release|Any CPU.ActiveCfg = Release|iPhone
		{202E8C3A-F6DA-4E05-B505-3834C6426694}.Release|Any CPU.Build.0 = Release|iPhone
		{202E8C3A-F6DA-4E05-B505-3834C6426694}.Release|Any CPU.Deploy.0 = Release|iPhone
		{202E8C3A-F6DA-4E05-B505-3834C6426694}.Release|ARM.ActiveCfg = Release|iPhone
		{202E8C3A-F6DA-4E05-B505-3834C6426694}.Release|ARM.Build.0 = Release|iPhone
		{202E8C3A-F6DA-4E05-B505-3834C6426694}.Release|ARM.Deploy.0 = Release|iPhone
		{202E8C3A-F6DA-4E05-B505-3834C6426694}.Release|iPhone.ActiveCfg = Release|iPhone
		{202E8C3A-F6DA-4E05-B505-3834C6426694}.Release|iPhone.Build.0 = Release|iPhone
		{202E8C3A-F6DA-4E05-B505-3834C6426694}.Release|iPhone.Deploy.0 = Release|iPhone
		{202E8C3A-F6DA-4E05-B505-3834C6426694}.Release|iPhoneSimulator.ActiveCfg = Release|iPhoneSimulator
		{202E8C3A-F6DA-4E05-B505-3834C6426694}.Release|iPhoneSimulator.Build.0 = Release|iPhoneSimulator
		{202E8C3A-F6DA-4E05-B505-3834C6426694}.Release|iPhoneSimulator.Deploy.0 = Release|iPhoneSimulator
		{202E8C3A-F6DA-4E05-B505-3834C6426694}.Release|x64.ActiveCfg = Release|iPhone
		{202E8C3A-F6DA-4E05-B505-3834C6426694}.Release|x64.Build.0 = Release|iPhone
		{202E8C3A-F6DA-4E05-B505-3834C6426694}.Release|x64.Deploy.0 = Release|iPhone
		{202E8C3A-F6DA-4E05-B505-3834C6426694}.Release|x86.ActiveCfg = Release|iPhone
		{202E8C3A-F6DA-4E05-B505-3834C6426694}.Release|x86.Build.0 = Release|iPhone
		{202E8C3A-F6DA-4E05-B505-3834C6426694}.Release|x86.Deploy.0 = Release|iPhone
		{DF38E235-8CC3-4A3A-B7BD-98F89AEE0107}.Ad-Hoc|Any CPU.ActiveCfg = Release|x86
		{DF38E235-8CC3-4A3A-B7BD-98F89AEE0107}.Ad-Hoc|Any CPU.Build.0 = Release|x86
		{DF38E235-8CC3-4A3A-B7BD-98F89AEE0107}.Ad-Hoc|Any CPU.Deploy.0 = Release|x86
		{DF38E235-8CC3-4A3A-B7BD-98F89AEE0107}.Ad-Hoc|ARM.ActiveCfg = Release|ARM
		{DF38E235-8CC3-4A3A-B7BD-98F89AEE0107}.Ad-Hoc|ARM.Build.0 = Release|ARM
		{DF38E235-8CC3-4A3A-B7BD-98F89AEE0107}.Ad-Hoc|ARM.Deploy.0 = Release|ARM
		{DF38E235-8CC3-4A3A-B7BD-98F89AEE0107}.Ad-Hoc|iPhone.ActiveCfg = Release|x86
		{DF38E235-8CC3-4A3A-B7BD-98F89AEE0107}.Ad-Hoc|iPhone.Build.0 = Release|x86
		{DF38E235-8CC3-4A3A-B7BD-98F89AEE0107}.Ad-Hoc|iPhone.Deploy.0 = Release|x86
		{DF38E235-8CC3-4A3A-B7BD-98F89AEE0107}.Ad-Hoc|iPhoneSimulator.ActiveCfg = Release|x86
		{DF38E235-8CC3-4A3A-B7BD-98F89AEE0107}.Ad-Hoc|iPhoneSimulator.Build.0 = Release|x86
		{DF38E235-8CC3-4A3A-B7BD-98F89AEE0107}.Ad-Hoc|iPhoneSimulator.Deploy.0 = Release|x86
		{DF38E235-8CC3-4A3A-B7BD-98F89AEE0107}.Ad-Hoc|x64.ActiveCfg = Release|x64
		{DF38E235-8CC3-4A3A-B7BD-98F89AEE0107}.Ad-Hoc|x64.Build.0 = Release|x64
		{DF38E235-8CC3-4A3A-B7BD-98F89AEE0107}.Ad-Hoc|x64.Deploy.0 = Release|x64
		{DF38E235-8CC3-4A3A-B7BD-98F89AEE0107}.Ad-Hoc|x86.ActiveCfg = Release|x86
		{DF38E235-8CC3-4A3A-B7BD-98F89AEE0107}.Ad-Hoc|x86.Build.0 = Release|x86
		{DF38E235-8CC3-4A3A-B7BD-98F89AEE0107}.Ad-Hoc|x86.Deploy.0 = Release|x86
		{DF38E235-8CC3-4A3A-B7BD-98F89AEE0107}.AppStore|Any CPU.ActiveCfg = Release|x86
		{DF38E235-8CC3-4A3A-B7BD-98F89AEE0107}.AppStore|Any CPU.Build.0 = Release|x86
		{DF38E235-8CC3-4A3A-B7BD-98F89AEE0107}.AppStore|Any CPU.Deploy.0 = Release|x86
		{DF38E235-8CC3-4A3A-B7BD-98F89AEE0107}.AppStore|ARM.ActiveCfg = Release|ARM
		{DF38E235-8CC3-4A3A-B7BD-98F89AEE0107}.AppStore|ARM.Build.0 = Release|ARM
		{DF38E235-8CC3-4A3A-B7BD-98F89AEE0107}.AppStore|ARM.Deploy.0 = Release|ARM
		{DF38E235-8CC3-4A3A-B7BD-98F89AEE0107}.AppStore|iPhone.ActiveCfg = Release|x86
		{DF38E235-8CC3-4A3A-B7BD-98F89AEE0107}.AppStore|iPhone.Build.0 = Release|x86
		{DF38E235-8CC3-4A3A-B7BD-98F89AEE0107}.AppStore|iPhone.Deploy.0 = Release|x86
		{DF38E235-8CC3-4A3A-B7BD-98F89AEE0107}.AppStore|iPhoneSimulator.ActiveCfg = Release|x86
		{DF38E235-8CC3-4A3A-B7BD-98F89AEE0107}.AppStore|iPhoneSimulator.Build.0 = Release|x86
		{DF38E235-8CC3-4A3A-B7BD-98F89AEE0107}.AppStore|iPhoneSimulator.Deploy.0 = Release|x86
		{DF38E235-8CC3-4A3A-B7BD-98F89AEE0107}.AppStore|x64.ActiveCfg = Release|x64
		{DF38E235-8CC3-4A3A-B7BD-98F89AEE0107}.AppStore|x64.Build.0 = Release|x64
		{DF38E235-8CC3-4A3A-B7BD-98F89AEE0107}.AppStore|x64.Deploy.0 = Release|x64
		{DF38E235-8CC3-4A3A-B7BD-98F89AEE0107}.AppStore|x86.ActiveCfg = Release|x86
		{DF38E235-8CC3-4A3A-B7BD-98F89AEE0107}.AppStore|x86.Build.0 = Release|x86
		{DF38E235-8CC3-4A3A-B7BD-98F89AEE0107}.AppStore|x86.Deploy.0 = Release|x86
		{DF38E235-8CC3-4A3A-B7BD-98F89AEE0107}.Debug|Any CPU.ActiveCfg = Debug|x86
		{DF38E235-8CC3-4A3A-B7BD-98F89AEE0107}.Debug|Any CPU.Build.0 = Debug|x86
		{DF38E235-8CC3-4A3A-B7BD-98F89AEE0107}.Debug|Any CPU.Deploy.0 = Debug|x86
		{DF38E235-8CC3-4A3A-B7BD-98F89AEE0107}.Debug|ARM.ActiveCfg = Debug|ARM
		{DF38E235-8CC3-4A3A-B7BD-98F89AEE0107}.Debug|ARM.Build.0 = Debug|ARM
		{DF38E235-8CC3-4A3A-B7BD-98F89AEE0107}.Debug|ARM.Deploy.0 = Debug|ARM
		{DF38E235-8CC3-4A3A-B7BD-98F89AEE0107}.Debug|iPhone.ActiveCfg = Debug|x86
		{DF38E235-8CC3-4A3A-B7BD-98F89AEE0107}.Debug|iPhone.Build.0 = Debug|x86
		{DF38E235-8CC3-4A3A-B7BD-98F89AEE0107}.Debug|iPhone.Deploy.0 = Debug|x86
		{DF38E235-8CC3-4A3A-B7BD-98F89AEE0107}.Debug|iPhoneSimulator.ActiveCfg = Debug|x86
		{DF38E235-8CC3-4A3A-B7BD-98F89AEE0107}.Debug|iPhoneSimulator.Build.0 = Debug|x86
		{DF38E235-8CC3-4A3A-B7BD-98F89AEE0107}.Debug|iPhoneSimulator.Deploy.0 = Debug|x86
		{DF38E235-8CC3-4A3A-B7BD-98F89AEE0107}.Debug|x64.ActiveCfg = Debug|x64
		{DF38E235-8CC3-4A3A-B7BD-98F89AEE0107}.Debug|x64.Build.0 = Debug|x64
		{DF38E235-8CC3-4A3A-B7BD-98F89AEE0107}.Debug|x64.Deploy.0 = Debug|x64
		{DF38E235-8CC3-4A3A-B7BD-98F89AEE0107}.Debug|x86.ActiveCfg = Debug|x86
		{DF38E235-8CC3-4A3A-B7BD-98F89AEE0107}.Debug|x86.Build.0 = Debug|x86
		{DF38E235-8CC3-4A3A-B7BD-98F89AEE0107}.Debug|x86.Deploy.0 = Debug|x86
		{DF38E235-8CC3-4A3A-B7BD-98F89AEE0107}.Release|Any CPU.ActiveCfg = Release|x86
		{DF38E235-8CC3-4A3A-B7BD-98F89AEE0107}.Release|Any CPU.Build.0 = Release|x86
		{DF38E235-8CC3-4A3A-B7BD-98F89AEE0107}.Release|Any CPU.Deploy.0 = Release|x86
		{DF38E235-8CC3-4A3A-B7BD-98F89AEE0107}.Release|ARM.ActiveCfg = Release|ARM
		{DF38E235-8CC3-4A3A-B7BD-98F89AEE0107}.Release|ARM.Build.0 = Release|ARM
		{DF38E235-8CC3-4A3A-B7BD-98F89AEE0107}.Release|ARM.Deploy.0 = Release|ARM
		{DF38E235-8CC3-4A3A-B7BD-98F89AEE0107}.Release|iPhone.ActiveCfg = Release|x86
		{DF38E235-8CC3-4A3A-B7BD-98F89AEE0107}.Release|iPhone.Build.0 = Release|x86
		{DF38E235-8CC3-4A3A-B7BD-98F89AEE0107}.Release|iPhone.Deploy.0 = Release|x86
		{DF38E235-8CC3-4A3A-B7BD-98F89AEE0107}.Release|iPhoneSimulator.ActiveCfg = Release|x86
		{DF38E235-8CC3-4A3A-B7BD-98F89AEE0107}.Release|iPhoneSimulator.Build.0 = Release|x86
		{DF38E235-8CC3-4A3A-B7BD-98F89AEE0107}.Release|iPhoneSimulator.Deploy.0 = Release|x86
		{DF38E235-8CC3-4A3A-B7BD-98F89AEE0107}.Release|x64.ActiveCfg = Release|x64
		{DF38E235-8CC3-4A3A-B7BD-98F89AEE0107}.Release|x64.Build.0 = Release|x64
		{DF38E235-8CC3-4A3A-B7BD-98F89AEE0107}.Release|x64.Deploy.0 = Release|x64
		{DF38E235-8CC3-4A3A-B7BD-98F89AEE0107}.Release|x86.ActiveCfg = Release|x86
		{DF38E235-8CC3-4A3A-B7BD-98F89AEE0107}.Release|x86.Build.0 = Release|x86
		{DF38E235-8CC3-4A3A-B7BD-98F89AEE0107}.Release|x86.Deploy.0 = Release|x86
		{D04F8018-CD90-4F2E-8282-7E53EE5E70DE}.Ad-Hoc|Any CPU.ActiveCfg = Debug|Any CPU
		{D04F8018-CD90-4F2E-8282-7E53EE5E70DE}.Ad-Hoc|Any CPU.Build.0 = Debug|Any CPU
		{D04F8018-CD90-4F2E-8282-7E53EE5E70DE}.Ad-Hoc|Any CPU.Deploy.0 = Debug|Any CPU
		{D04F8018-CD90-4F2E-8282-7E53EE5E70DE}.Ad-Hoc|ARM.ActiveCfg = Debug|Any CPU
		{D04F8018-CD90-4F2E-8282-7E53EE5E70DE}.Ad-Hoc|ARM.Build.0 = Debug|Any CPU
		{D04F8018-CD90-4F2E-8282-7E53EE5E70DE}.Ad-Hoc|ARM.Deploy.0 = Debug|Any CPU
		{D04F8018-CD90-4F2E-8282-7E53EE5E70DE}.Ad-Hoc|iPhone.ActiveCfg = Debug|Any CPU
		{D04F8018-CD90-4F2E-8282-7E53EE5E70DE}.Ad-Hoc|iPhone.Build.0 = Debug|Any CPU
		{D04F8018-CD90-4F2E-8282-7E53EE5E70DE}.Ad-Hoc|iPhone.Deploy.0 = Debug|Any CPU
		{D04F8018-CD90-4F2E-8282-7E53EE5E70DE}.Ad-Hoc|iPhoneSimulator.ActiveCfg = Debug|Any CPU
		{D04F8018-CD90-4F2E-8282-7E53EE5E70DE}.Ad-Hoc|iPhoneSimulator.Build.0 = Debug|Any CPU
		{D04F8018-CD90-4F2E-8282-7E53EE5E70DE}.Ad-Hoc|iPhoneSimulator.Deploy.0 = Debug|Any CPU
		{D04F8018-CD90-4F2E-8282-7E53EE5E70DE}.Ad-Hoc|x64.ActiveCfg = Debug|Any CPU
		{D04F8018-CD90-4F2E-8282-7E53EE5E70DE}.Ad-Hoc|x64.Build.0 = Debug|Any CPU
		{D04F8018-CD90-4F2E-8282-7E53EE5E70DE}.Ad-Hoc|x64.Deploy.0 = Debug|Any CPU
		{D04F8018-CD90-4F2E-8282-7E53EE5E70DE}.Ad-Hoc|x86.ActiveCfg = Debug|Any CPU
		{D04F8018-CD90-4F2E-8282-7E53EE5E70DE}.Ad-Hoc|x86.Build.0 = Debug|Any CPU
		{D04F8018-CD90-4F2E-8282-7E53EE5E70DE}.Ad-Hoc|x86.Deploy.0 = Debug|Any CPU
		{D04F8018-CD90-4F2E-8282-7E53EE5E70DE}.AppStore|Any CPU.ActiveCfg = Debug|Any CPU
		{D04F8018-CD90-4F2E-8282-7E53EE5E70DE}.AppStore|Any CPU.Build.0 = Debug|Any CPU
		{D04F8018-CD90-4F2E-8282-7E53EE5E70DE}.AppStore|Any CPU.Deploy.0 = Debug|Any CPU
		{D04F8018-CD90-4F2E-8282-7E53EE5E70DE}.AppStore|ARM.ActiveCfg = Debug|Any CPU
		{D04F8018-CD90-4F2E-8282-7E53EE5E70DE}.AppStore|ARM.Build.0 = Debug|Any CPU
		{D04F8018-CD90-4F2E-8282-7E53EE5E70DE}.AppStore|ARM.Deploy.0 = Debug|Any CPU
		{D04F8018-CD90-4F2E-8282-7E53EE5E70DE}.AppStore|iPhone.ActiveCfg = Debug|Any CPU
		{D04F8018-CD90-4F2E-8282-7E53EE5E70DE}.AppStore|iPhone.Build.0 = Debug|Any CPU
		{D04F8018-CD90-4F2E-8282-7E53EE5E70DE}.AppStore|iPhone.Deploy.0 = Debug|Any CPU
		{D04F8018-CD90-4F2E-8282-7E53EE5E70DE}.AppStore|iPhoneSimulator.ActiveCfg = Debug|Any CPU
		{D04F8018-CD90-4F2E-8282-7E53EE5E70DE}.AppStore|iPhoneSimulator.Build.0 = Debug|Any CPU
		{D04F8018-CD90-4F2E-8282-7E53EE5E70DE}.AppStore|iPhoneSimulator.Deploy.0 = Debug|Any CPU
		{D04F8018-CD90-4F2E-8282-7E53EE5E70DE}.AppStore|x64.ActiveCfg = Debug|Any CPU
		{D04F8018-CD90-4F2E-8282-7E53EE5E70DE}.AppStore|x64.Build.0 = Debug|Any CPU
		{D04F8018-CD90-4F2E-8282-7E53EE5E70DE}.AppStore|x64.Deploy.0 = Debug|Any CPU
		{D04F8018-CD90-4F2E-8282-7E53EE5E70DE}.AppStore|x86.ActiveCfg = Debug|Any CPU
		{D04F8018-CD90-4F2E-8282-7E53EE5E70DE}.AppStore|x86.Build.0 = Debug|Any CPU
		{D04F8018-CD90-4F2E-8282-7E53EE5E70DE}.AppStore|x86.Deploy.0 = Debug|Any CPU
		{D04F8018-CD90-4F2E-8282-7E53EE5E70DE}.Debug|Any CPU.ActiveCfg = Debug|Any CPU
		{D04F8018-CD90-4F2E-8282-7E53EE5E70DE}.Debug|Any CPU.Build.0 = Debug|Any CPU
		{D04F8018-CD90-4F2E-8282-7E53EE5E70DE}.Debug|Any CPU.Deploy.0 = Debug|Any CPU
		{D04F8018-CD90-4F2E-8282-7E53EE5E70DE}.Debug|ARM.ActiveCfg = Debug|Any CPU
		{D04F8018-CD90-4F2E-8282-7E53EE5E70DE}.Debug|ARM.Build.0 = Debug|Any CPU
		{D04F8018-CD90-4F2E-8282-7E53EE5E70DE}.Debug|ARM.Deploy.0 = Debug|Any CPU
		{D04F8018-CD90-4F2E-8282-7E53EE5E70DE}.Debug|iPhone.ActiveCfg = Debug|Any CPU
		{D04F8018-CD90-4F2E-8282-7E53EE5E70DE}.Debug|iPhone.Build.0 = Debug|Any CPU
		{D04F8018-CD90-4F2E-8282-7E53EE5E70DE}.Debug|iPhone.Deploy.0 = Debug|Any CPU
		{D04F8018-CD90-4F2E-8282-7E53EE5E70DE}.Debug|iPhoneSimulator.ActiveCfg = Debug|Any CPU
		{D04F8018-CD90-4F2E-8282-7E53EE5E70DE}.Debug|iPhoneSimulator.Build.0 = Debug|Any CPU
		{D04F8018-CD90-4F2E-8282-7E53EE5E70DE}.Debug|iPhoneSimulator.Deploy.0 = Debug|Any CPU
		{D04F8018-CD90-4F2E-8282-7E53EE5E70DE}.Debug|x64.ActiveCfg = Debug|Any CPU
		{D04F8018-CD90-4F2E-8282-7E53EE5E70DE}.Debug|x64.Build.0 = Debug|Any CPU
		{D04F8018-CD90-4F2E-8282-7E53EE5E70DE}.Debug|x64.Deploy.0 = Debug|Any CPU
		{D04F8018-CD90-4F2E-8282-7E53EE5E70DE}.Debug|x86.ActiveCfg = Debug|Any CPU
		{D04F8018-CD90-4F2E-8282-7E53EE5E70DE}.Debug|x86.Build.0 = Debug|Any CPU
		{D04F8018-CD90-4F2E-8282-7E53EE5E70DE}.Debug|x86.Deploy.0 = Debug|Any CPU
		{D04F8018-CD90-4F2E-8282-7E53EE5E70DE}.Release|Any CPU.ActiveCfg = Release|Any CPU
		{D04F8018-CD90-4F2E-8282-7E53EE5E70DE}.Release|Any CPU.Build.0 = Release|Any CPU
		{D04F8018-CD90-4F2E-8282-7E53EE5E70DE}.Release|Any CPU.Deploy.0 = Release|Any CPU
		{D04F8018-CD90-4F2E-8282-7E53EE5E70DE}.Release|ARM.ActiveCfg = Release|Any CPU
		{D04F8018-CD90-4F2E-8282-7E53EE5E70DE}.Release|ARM.Build.0 = Release|Any CPU
		{D04F8018-CD90-4F2E-8282-7E53EE5E70DE}.Release|ARM.Deploy.0 = Release|Any CPU
		{D04F8018-CD90-4F2E-8282-7E53EE5E70DE}.Release|iPhone.ActiveCfg = Release|Any CPU
		{D04F8018-CD90-4F2E-8282-7E53EE5E70DE}.Release|iPhone.Build.0 = Release|Any CPU
		{D04F8018-CD90-4F2E-8282-7E53EE5E70DE}.Release|iPhone.Deploy.0 = Release|Any CPU
		{D04F8018-CD90-4F2E-8282-7E53EE5E70DE}.Release|iPhoneSimulator.ActiveCfg = Release|Any CPU
		{D04F8018-CD90-4F2E-8282-7E53EE5E70DE}.Release|iPhoneSimulator.Build.0 = Release|Any CPU
		{D04F8018-CD90-4F2E-8282-7E53EE5E70DE}.Release|iPhoneSimulator.Deploy.0 = Release|Any CPU
		{D04F8018-CD90-4F2E-8282-7E53EE5E70DE}.Release|x64.ActiveCfg = Release|Any CPU
		{D04F8018-CD90-4F2E-8282-7E53EE5E70DE}.Release|x64.Build.0 = Release|Any CPU
		{D04F8018-CD90-4F2E-8282-7E53EE5E70DE}.Release|x64.Deploy.0 = Release|Any CPU
		{D04F8018-CD90-4F2E-8282-7E53EE5E70DE}.Release|x86.ActiveCfg = Release|Any CPU
		{D04F8018-CD90-4F2E-8282-7E53EE5E70DE}.Release|x86.Build.0 = Release|Any CPU
		{D04F8018-CD90-4F2E-8282-7E53EE5E70DE}.Release|x86.Deploy.0 = Release|Any CPU
		{7EB76460-3645-4EF7-9D13-71F2367A05D5}.Ad-Hoc|Any CPU.ActiveCfg = Release|Any CPU
		{7EB76460-3645-4EF7-9D13-71F2367A05D5}.Ad-Hoc|Any CPU.Build.0 = Release|Any CPU
		{7EB76460-3645-4EF7-9D13-71F2367A05D5}.Ad-Hoc|ARM.ActiveCfg = Release|ARM
		{7EB76460-3645-4EF7-9D13-71F2367A05D5}.Ad-Hoc|ARM.Build.0 = Release|ARM
		{7EB76460-3645-4EF7-9D13-71F2367A05D5}.Ad-Hoc|iPhone.ActiveCfg = Release|Any CPU
		{7EB76460-3645-4EF7-9D13-71F2367A05D5}.Ad-Hoc|iPhone.Build.0 = Release|Any CPU
		{7EB76460-3645-4EF7-9D13-71F2367A05D5}.Ad-Hoc|iPhoneSimulator.ActiveCfg = Release|Any CPU
		{7EB76460-3645-4EF7-9D13-71F2367A05D5}.Ad-Hoc|iPhoneSimulator.Build.0 = Release|Any CPU
		{7EB76460-3645-4EF7-9D13-71F2367A05D5}.Ad-Hoc|x64.ActiveCfg = Release|x64
		{7EB76460-3645-4EF7-9D13-71F2367A05D5}.Ad-Hoc|x64.Build.0 = Release|x64
		{7EB76460-3645-4EF7-9D13-71F2367A05D5}.Ad-Hoc|x86.ActiveCfg = Release|x86
		{7EB76460-3645-4EF7-9D13-71F2367A05D5}.Ad-Hoc|x86.Build.0 = Release|x86
		{7EB76460-3645-4EF7-9D13-71F2367A05D5}.AppStore|Any CPU.ActiveCfg = Release|Any CPU
		{7EB76460-3645-4EF7-9D13-71F2367A05D5}.AppStore|Any CPU.Build.0 = Release|Any CPU
		{7EB76460-3645-4EF7-9D13-71F2367A05D5}.AppStore|ARM.ActiveCfg = Release|ARM
		{7EB76460-3645-4EF7-9D13-71F2367A05D5}.AppStore|ARM.Build.0 = Release|ARM
		{7EB76460-3645-4EF7-9D13-71F2367A05D5}.AppStore|iPhone.ActiveCfg = Release|Any CPU
		{7EB76460-3645-4EF7-9D13-71F2367A05D5}.AppStore|iPhone.Build.0 = Release|Any CPU
		{7EB76460-3645-4EF7-9D13-71F2367A05D5}.AppStore|iPhoneSimulator.ActiveCfg = Release|Any CPU
		{7EB76460-3645-4EF7-9D13-71F2367A05D5}.AppStore|iPhoneSimulator.Build.0 = Release|Any CPU
		{7EB76460-3645-4EF7-9D13-71F2367A05D5}.AppStore|x64.ActiveCfg = Release|x64
		{7EB76460-3645-4EF7-9D13-71F2367A05D5}.AppStore|x64.Build.0 = Release|x64
		{7EB76460-3645-4EF7-9D13-71F2367A05D5}.AppStore|x86.ActiveCfg = Release|x86
		{7EB76460-3645-4EF7-9D13-71F2367A05D5}.AppStore|x86.Build.0 = Release|x86
		{7EB76460-3645-4EF7-9D13-71F2367A05D5}.Debug|Any CPU.ActiveCfg = Debug|Any CPU
		{7EB76460-3645-4EF7-9D13-71F2367A05D5}.Debug|Any CPU.Build.0 = Debug|Any CPU
		{7EB76460-3645-4EF7-9D13-71F2367A05D5}.Debug|ARM.ActiveCfg = Debug|ARM
		{7EB76460-3645-4EF7-9D13-71F2367A05D5}.Debug|ARM.Build.0 = Debug|ARM
		{7EB76460-3645-4EF7-9D13-71F2367A05D5}.Debug|iPhone.ActiveCfg = Debug|Any CPU
		{7EB76460-3645-4EF7-9D13-71F2367A05D5}.Debug|iPhone.Build.0 = Debug|Any CPU
		{7EB76460-3645-4EF7-9D13-71F2367A05D5}.Debug|iPhoneSimulator.ActiveCfg = Debug|Any CPU
		{7EB76460-3645-4EF7-9D13-71F2367A05D5}.Debug|iPhoneSimulator.Build.0 = Debug|Any CPU
		{7EB76460-3645-4EF7-9D13-71F2367A05D5}.Debug|x64.ActiveCfg = Debug|x64
		{7EB76460-3645-4EF7-9D13-71F2367A05D5}.Debug|x64.Build.0 = Debug|x64
		{7EB76460-3645-4EF7-9D13-71F2367A05D5}.Debug|x86.ActiveCfg = Debug|x86
		{7EB76460-3645-4EF7-9D13-71F2367A05D5}.Debug|x86.Build.0 = Debug|x86
		{7EB76460-3645-4EF7-9D13-71F2367A05D5}.Release|Any CPU.ActiveCfg = Release|Any CPU
		{7EB76460-3645-4EF7-9D13-71F2367A05D5}.Release|Any CPU.Build.0 = Release|Any CPU
		{7EB76460-3645-4EF7-9D13-71F2367A05D5}.Release|ARM.ActiveCfg = Release|ARM
		{7EB76460-3645-4EF7-9D13-71F2367A05D5}.Release|ARM.Build.0 = Release|ARM
		{7EB76460-3645-4EF7-9D13-71F2367A05D5}.Release|iPhone.ActiveCfg = Release|Any CPU
		{7EB76460-3645-4EF7-9D13-71F2367A05D5}.Release|iPhone.Build.0 = Release|Any CPU
		{7EB76460-3645-4EF7-9D13-71F2367A05D5}.Release|iPhoneSimulator.ActiveCfg = Release|Any CPU
		{7EB76460-3645-4EF7-9D13-71F2367A05D5}.Release|iPhoneSimulator.Build.0 = Release|Any CPU
		{7EB76460-3645-4EF7-9D13-71F2367A05D5}.Release|x64.ActiveCfg = Release|x64
		{7EB76460-3645-4EF7-9D13-71F2367A05D5}.Release|x64.Build.0 = Release|x64
		{7EB76460-3645-4EF7-9D13-71F2367A05D5}.Release|x86.ActiveCfg = Release|x86
		{7EB76460-3645-4EF7-9D13-71F2367A05D5}.Release|x86.Build.0 = Release|x86
	EndGlobalSection
	GlobalSection(SolutionProperties) = preSolution
		HideSolutionNode = FALSE
	EndGlobalSection
	GlobalSection(ExtensibilityGlobals) = postSolution
		SolutionGuid = {EF6D1843-2A16-4AB1-9D6A-CB35A93231C5}
	EndGlobalSection
EndGlobal
